// !$*UTF8*$!
{
	archiveVersion = 1;
	classes = {
	};
	objectVersion = 50;
	objects = {

/* Begin PBXBuildFile section */
		00A4EE1A22112B12006F1562 /* AppDelegate.m in Sources */ = {isa = PBXBuildFile; fileRef = 00A4EE1922112B12006F1562 /* AppDelegate.m */; };
		00A4EE1D22112B12006F1562 /* ViewController.m in Sources */ = {isa = PBXBuildFile; fileRef = 00A4EE1C22112B12006F1562 /* ViewController.m */; };
		00A4EE2022112B12006F1562 /* Main.storyboard in Resources */ = {isa = PBXBuildFile; fileRef = 00A4EE1E22112B12006F1562 /* Main.storyboard */; };
		00A4EE2222112B13006F1562 /* Assets.xcassets in Resources */ = {isa = PBXBuildFile; fileRef = 00A4EE2122112B13006F1562 /* Assets.xcassets */; };
		00A4EE2522112B13006F1562 /* LaunchScreen.storyboard in Resources */ = {isa = PBXBuildFile; fileRef = 00A4EE2322112B13006F1562 /* LaunchScreen.storyboard */; };
		00A4EE2822112B13006F1562 /* main.m in Sources */ = {isa = PBXBuildFile; fileRef = 00A4EE2722112B13006F1562 /* main.m */; };
		00A4EE3222112B13006F1562 /* HCNetDebugDemoTests.m in Sources */ = {isa = PBXBuildFile; fileRef = 00A4EE3122112B13006F1562 /* HCNetDebugDemoTests.m */; };
		00A4EE3D22112B13006F1562 /* HCNetDebugDemoUITests.m in Sources */ = {isa = PBXBuildFile; fileRef = 00A4EE3C22112B13006F1562 /* HCNetDebugDemoUITests.m */; };
		00A4EE4D22112DDE006F1562 /* HCNetDebugModule.m in Sources */ = {isa = PBXBuildFile; fileRef = 00A4EE4C22112DDE006F1562 /* HCNetDebugModule.m */; };
		00B46FCB22112FB200BED2F3 /* HCNetDebugMockViewController.m in Sources */ = {isa = PBXBuildFile; fileRef = 00B46FC822112FA600BED2F3 /* HCNetDebugMockViewController.m */; };
		00B46FCC22112FB500BED2F3 /* HCNetDebugMockRuleViewController.m in Sources */ = {isa = PBXBuildFile; fileRef = 00B46FCA22112FA700BED2F3 /* HCNetDebugMockRuleViewController.m */; };
		00B46FDA2211300000BED2F3 /* HCNetMockRuleSectionModel.m in Sources */ = {isa = PBXBuildFile; fileRef = 00B46FD22211300000BED2F3 /* HCNetMockRuleSectionModel.m */; };
		00B46FDB2211300000BED2F3 /* HCNetMockRuleInfoModel.m in Sources */ = {isa = PBXBuildFile; fileRef = 00B46FD62211300000BED2F3 /* HCNetMockRuleInfoModel.m */; };
		00B46FDC2211300000BED2F3 /* HCNetMockIntroViewModel.m in Sources */ = {isa = PBXBuildFile; fileRef = 00B46FD82211300000BED2F3 /* HCNetMockIntroViewModel.m */; };
		00B46FDD2211300000BED2F3 /* HCNetMockRuleItemModel.m in Sources */ = {isa = PBXBuildFile; fileRef = 00B46FD92211300000BED2F3 /* HCNetMockRuleItemModel.m */; };
		00B46FE22211301200BED2F3 /* HCNetMockManager.m in Sources */ = {isa = PBXBuildFile; fileRef = 00B46FE12211301200BED2F3 /* HCNetMockManager.m */; };
		00B46FE52211302400BED2F3 /* HCNetMockintroCell.m in Sources */ = {isa = PBXBuildFile; fileRef = 00B46FE42211301800BED2F3 /* HCNetMockintroCell.m */; };
		00B46FE62211303600BED2F3 /* mockList.json in Resources */ = {isa = PBXBuildFile; fileRef = 00B46FDE2211300B00BED2F3 /* mockList.json */; };
		00B46FE72211303600BED2F3 /* mockRule.json in Resources */ = {isa = PBXBuildFile; fileRef = 00B46FDF2211300B00BED2F3 /* mockRule.json */; };
		ABD47EE392AE9A3593795923 /* libPods-HCNetDebugDemoUITests.a in Frameworks */ = {isa = PBXBuildFile; fileRef = 4295DBA56CB50519BFEF73E4 /* libPods-HCNetDebugDemoUITests.a */; };
		D6AECB8FEEBEDEB794100D37 /* libPods-HCNetDebugDemo.a in Frameworks */ = {isa = PBXBuildFile; fileRef = 90638957F8E82AB7142EB04C /* libPods-HCNetDebugDemo.a */; };
		E2B80111BAC8712B6BA67071 /* libPods-HCNetDebugDemoTests.a in Frameworks */ = {isa = PBXBuildFile; fileRef = 6EDB0B4461A89F2697210827 /* libPods-HCNetDebugDemoTests.a */; };
/* End PBXBuildFile section */

/* Begin PBXContainerItemProxy section */
		00A4EE2E22112B13006F1562 /* PBXContainerItemProxy */ = {
			isa = PBXContainerItemProxy;
			containerPortal = 00A4EE0D22112B12006F1562 /* Project object */;
			proxyType = 1;
			remoteGlobalIDString = 00A4EE1422112B12006F1562;
			remoteInfo = HCNetDebugDemo;
		};
		00A4EE3922112B13006F1562 /* PBXContainerItemProxy */ = {
			isa = PBXContainerItemProxy;
			containerPortal = 00A4EE0D22112B12006F1562 /* Project object */;
			proxyType = 1;
			remoteGlobalIDString = 00A4EE1422112B12006F1562;
			remoteInfo = HCNetDebugDemo;
		};
/* End PBXContainerItemProxy section */

/* Begin PBXFileReference section */
		00A4EE1522112B12006F1562 /* HCNetDebugDemo.app */ = {isa = PBXFileReference; explicitFileType = wrapper.application; includeInIndex = 0; path = HCNetDebugDemo.app; sourceTree = BUILT_PRODUCTS_DIR; };
		00A4EE1822112B12006F1562 /* AppDelegate.h */ = {isa = PBXFileReference; lastKnownFileType = sourcecode.c.h; path = AppDelegate.h; sourceTree = "<group>"; };
		00A4EE1922112B12006F1562 /* AppDelegate.m */ = {isa = PBXFileReference; lastKnownFileType = sourcecode.c.objc; path = AppDelegate.m; sourceTree = "<group>"; };
		00A4EE1B22112B12006F1562 /* ViewController.h */ = {isa = PBXFileReference; lastKnownFileType = sourcecode.c.h; path = ViewController.h; sourceTree = "<group>"; };
		00A4EE1C22112B12006F1562 /* ViewController.m */ = {isa = PBXFileReference; lastKnownFileType = sourcecode.c.objc; path = ViewController.m; sourceTree = "<group>"; };
		00A4EE1F22112B12006F1562 /* Base */ = {isa = PBXFileReference; lastKnownFileType = file.storyboard; name = Base; path = Base.lproj/Main.storyboard; sourceTree = "<group>"; };
		00A4EE2122112B13006F1562 /* Assets.xcassets */ = {isa = PBXFileReference; lastKnownFileType = folder.assetcatalog; path = Assets.xcassets; sourceTree = "<group>"; };
		00A4EE2422112B13006F1562 /* Base */ = {isa = PBXFileReference; lastKnownFileType = file.storyboard; name = Base; path = Base.lproj/LaunchScreen.storyboard; sourceTree = "<group>"; };
		00A4EE2622112B13006F1562 /* Info.plist */ = {isa = PBXFileReference; lastKnownFileType = text.plist.xml; path = Info.plist; sourceTree = "<group>"; };
		00A4EE2722112B13006F1562 /* main.m */ = {isa = PBXFileReference; lastKnownFileType = sourcecode.c.objc; path = main.m; sourceTree = "<group>"; };
		00A4EE2D22112B13006F1562 /* HCNetDebugDemoTests.xctest */ = {isa = PBXFileReference; explicitFileType = wrapper.cfbundle; includeInIndex = 0; path = HCNetDebugDemoTests.xctest; sourceTree = BUILT_PRODUCTS_DIR; };
		00A4EE3122112B13006F1562 /* HCNetDebugDemoTests.m */ = {isa = PBXFileReference; lastKnownFileType = sourcecode.c.objc; path = HCNetDebugDemoTests.m; sourceTree = "<group>"; };
		00A4EE3322112B13006F1562 /* Info.plist */ = {isa = PBXFileReference; lastKnownFileType = text.plist.xml; path = Info.plist; sourceTree = "<group>"; };
		00A4EE3822112B13006F1562 /* HCNetDebugDemoUITests.xctest */ = {isa = PBXFileReference; explicitFileType = wrapper.cfbundle; includeInIndex = 0; path = HCNetDebugDemoUITests.xctest; sourceTree = BUILT_PRODUCTS_DIR; };
		00A4EE3C22112B13006F1562 /* HCNetDebugDemoUITests.m */ = {isa = PBXFileReference; lastKnownFileType = sourcecode.c.objc; path = HCNetDebugDemoUITests.m; sourceTree = "<group>"; };
		00A4EE3E22112B13006F1562 /* Info.plist */ = {isa = PBXFileReference; lastKnownFileType = text.plist.xml; path = Info.plist; sourceTree = "<group>"; };
		00A4EE4B22112DDE006F1562 /* HCNetDebugModule.h */ = {isa = PBXFileReference; lastKnownFileType = sourcecode.c.h; path = HCNetDebugModule.h; sourceTree = "<group>"; };
		00A4EE4C22112DDE006F1562 /* HCNetDebugModule.m */ = {isa = PBXFileReference; lastKnownFileType = sourcecode.c.objc; path = HCNetDebugModule.m; sourceTree = "<group>"; };
		00B46FC722112FA600BED2F3 /* HCNetDebugMockViewController.h */ = {isa = PBXFileReference; lastKnownFileType = sourcecode.c.h; path = HCNetDebugMockViewController.h; sourceTree = "<group>"; };
		00B46FC822112FA600BED2F3 /* HCNetDebugMockViewController.m */ = {isa = PBXFileReference; lastKnownFileType = sourcecode.c.objc; path = HCNetDebugMockViewController.m; sourceTree = "<group>"; };
		00B46FC922112FA600BED2F3 /* HCNetDebugMockRuleViewController.h */ = {isa = PBXFileReference; lastKnownFileType = sourcecode.c.h; path = HCNetDebugMockRuleViewController.h; sourceTree = "<group>"; };
		00B46FCA22112FA700BED2F3 /* HCNetDebugMockRuleViewController.m */ = {isa = PBXFileReference; lastKnownFileType = sourcecode.c.objc; path = HCNetDebugMockRuleViewController.m; sourceTree = "<group>"; };
		00B46FD22211300000BED2F3 /* HCNetMockRuleSectionModel.m */ = {isa = PBXFileReference; fileEncoding = 4; lastKnownFileType = sourcecode.c.objc; path = HCNetMockRuleSectionModel.m; sourceTree = "<group>"; };
		00B46FD32211300000BED2F3 /* HCNetMockIntroViewModel.h */ = {isa = PBXFileReference; fileEncoding = 4; lastKnownFileType = sourcecode.c.h; path = HCNetMockIntroViewModel.h; sourceTree = "<group>"; };
		00B46FD42211300000BED2F3 /* HCNetMockRuleInfoModel.h */ = {isa = PBXFileReference; fileEncoding = 4; lastKnownFileType = sourcecode.c.h; path = HCNetMockRuleInfoModel.h; sourceTree = "<group>"; };
		00B46FD52211300000BED2F3 /* HCNetMockRuleSectionModel.h */ = {isa = PBXFileReference; fileEncoding = 4; lastKnownFileType = sourcecode.c.h; path = HCNetMockRuleSectionModel.h; sourceTree = "<group>"; };
		00B46FD62211300000BED2F3 /* HCNetMockRuleInfoModel.m */ = {isa = PBXFileReference; fileEncoding = 4; lastKnownFileType = sourcecode.c.objc; path = HCNetMockRuleInfoModel.m; sourceTree = "<group>"; };
		00B46FD72211300000BED2F3 /* HCNetMockRuleItemModel.h */ = {isa = PBXFileReference; fileEncoding = 4; lastKnownFileType = sourcecode.c.h; path = HCNetMockRuleItemModel.h; sourceTree = "<group>"; };
		00B46FD82211300000BED2F3 /* HCNetMockIntroViewModel.m */ = {isa = PBXFileReference; fileEncoding = 4; lastKnownFileType = sourcecode.c.objc; path = HCNetMockIntroViewModel.m; sourceTree = "<group>"; };
		00B46FD92211300000BED2F3 /* HCNetMockRuleItemModel.m */ = {isa = PBXFileReference; fileEncoding = 4; lastKnownFileType = sourcecode.c.objc; path = HCNetMockRuleItemModel.m; sourceTree = "<group>"; };
		00B46FDE2211300B00BED2F3 /* mockList.json */ = {isa = PBXFileReference; lastKnownFileType = text.json; path = mockList.json; sourceTree = "<group>"; };
		00B46FDF2211300B00BED2F3 /* mockRule.json */ = {isa = PBXFileReference; lastKnownFileType = text.json; path = mockRule.json; sourceTree = "<group>"; };
		00B46FE02211301200BED2F3 /* HCNetMockManager.h */ = {isa = PBXFileReference; fileEncoding = 4; lastKnownFileType = sourcecode.c.h; path = HCNetMockManager.h; sourceTree = "<group>"; };
		00B46FE12211301200BED2F3 /* HCNetMockManager.m */ = {isa = PBXFileReference; fileEncoding = 4; lastKnownFileType = sourcecode.c.objc; path = HCNetMockManager.m; sourceTree = "<group>"; };
		00B46FE32211301800BED2F3 /* HCNetMockintroCell.h */ = {isa = PBXFileReference; lastKnownFileType = sourcecode.c.h; path = HCNetMockintroCell.h; sourceTree = "<group>"; };
		00B46FE42211301800BED2F3 /* HCNetMockintroCell.m */ = {isa = PBXFileReference; lastKnownFileType = sourcecode.c.objc; path = HCNetMockintroCell.m; sourceTree = "<group>"; };
		4295DBA56CB50519BFEF73E4 /* libPods-HCNetDebugDemoUITests.a */ = {isa = PBXFileReference; explicitFileType = archive.ar; includeInIndex = 0; path = "libPods-HCNetDebugDemoUITests.a"; sourceTree = BUILT_PRODUCTS_DIR; };
		4D586E9B40F5EAF1371F3905 /* Pods-HCNetDebugDemoUITests.release.xcconfig */ = {isa = PBXFileReference; includeInIndex = 1; lastKnownFileType = text.xcconfig; name = "Pods-HCNetDebugDemoUITests.release.xcconfig"; path = "Pods/Target Support Files/Pods-HCNetDebugDemoUITests/Pods-HCNetDebugDemoUITests.release.xcconfig"; sourceTree = "<group>"; };
		6EDB0B4461A89F2697210827 /* libPods-HCNetDebugDemoTests.a */ = {isa = PBXFileReference; explicitFileType = archive.ar; includeInIndex = 0; path = "libPods-HCNetDebugDemoTests.a"; sourceTree = BUILT_PRODUCTS_DIR; };
		85D79EC641CF1CAB380DF392 /* Pods-HCNetDebugDemo.release.xcconfig */ = {isa = PBXFileReference; includeInIndex = 1; lastKnownFileType = text.xcconfig; name = "Pods-HCNetDebugDemo.release.xcconfig"; path = "Pods/Target Support Files/Pods-HCNetDebugDemo/Pods-HCNetDebugDemo.release.xcconfig"; sourceTree = "<group>"; };
		90638957F8E82AB7142EB04C /* libPods-HCNetDebugDemo.a */ = {isa = PBXFileReference; explicitFileType = archive.ar; includeInIndex = 0; path = "libPods-HCNetDebugDemo.a"; sourceTree = BUILT_PRODUCTS_DIR; };
		ABBF546C1D3589F7CD4BFE17 /* Pods-HCNetDebugDemoUITests.debug.xcconfig */ = {isa = PBXFileReference; includeInIndex = 1; lastKnownFileType = text.xcconfig; name = "Pods-HCNetDebugDemoUITests.debug.xcconfig"; path = "Pods/Target Support Files/Pods-HCNetDebugDemoUITests/Pods-HCNetDebugDemoUITests.debug.xcconfig"; sourceTree = "<group>"; };
		BE408C90B5461679A34AD5BC /* Pods-HCNetDebugDemoTests.release.xcconfig */ = {isa = PBXFileReference; includeInIndex = 1; lastKnownFileType = text.xcconfig; name = "Pods-HCNetDebugDemoTests.release.xcconfig"; path = "Pods/Target Support Files/Pods-HCNetDebugDemoTests/Pods-HCNetDebugDemoTests.release.xcconfig"; sourceTree = "<group>"; };
		CC7789DC926B3DFA97E7137C /* Pods-HCNetDebugDemoTests.debug.xcconfig */ = {isa = PBXFileReference; includeInIndex = 1; lastKnownFileType = text.xcconfig; name = "Pods-HCNetDebugDemoTests.debug.xcconfig"; path = "Pods/Target Support Files/Pods-HCNetDebugDemoTests/Pods-HCNetDebugDemoTests.debug.xcconfig"; sourceTree = "<group>"; };
		D933C7489CF6F1940262604A /* Pods-HCNetDebugDemo.debug.xcconfig */ = {isa = PBXFileReference; includeInIndex = 1; lastKnownFileType = text.xcconfig; name = "Pods-HCNetDebugDemo.debug.xcconfig"; path = "Pods/Target Support Files/Pods-HCNetDebugDemo/Pods-HCNetDebugDemo.debug.xcconfig"; sourceTree = "<group>"; };
/* End PBXFileReference section */

/* Begin PBXFrameworksBuildPhase section */
		00A4EE1222112B12006F1562 /* Frameworks */ = {
			isa = PBXFrameworksBuildPhase;
			buildActionMask = 2147483647;
			files = (
				D6AECB8FEEBEDEB794100D37 /* libPods-HCNetDebugDemo.a in Frameworks */,
			);
			runOnlyForDeploymentPostprocessing = 0;
		};
		00A4EE2A22112B13006F1562 /* Frameworks */ = {
			isa = PBXFrameworksBuildPhase;
			buildActionMask = 2147483647;
			files = (
				E2B80111BAC8712B6BA67071 /* libPods-HCNetDebugDemoTests.a in Frameworks */,
			);
			runOnlyForDeploymentPostprocessing = 0;
		};
		00A4EE3522112B13006F1562 /* Frameworks */ = {
			isa = PBXFrameworksBuildPhase;
			buildActionMask = 2147483647;
			files = (
				ABD47EE392AE9A3593795923 /* libPods-HCNetDebugDemoUITests.a in Frameworks */,
			);
			runOnlyForDeploymentPostprocessing = 0;
		};
/* End PBXFrameworksBuildPhase section */

/* Begin PBXGroup section */
		00A4EE0C22112B12006F1562 = {
			isa = PBXGroup;
			children = (
				00A4EE1722112B12006F1562 /* HCNetDebugDemo */,
				00A4EE3022112B13006F1562 /* HCNetDebugDemoTests */,
				00A4EE3B22112B13006F1562 /* HCNetDebugDemoUITests */,
				00A4EE1622112B12006F1562 /* Products */,
				85941FADA09606D9F7F60B2F /* Pods */,
				E4E01D270521DFAF2DE4F307 /* Frameworks */,
			);
			sourceTree = "<group>";
		};
		00A4EE1622112B12006F1562 /* Products */ = {
			isa = PBXGroup;
			children = (
				00A4EE1522112B12006F1562 /* HCNetDebugDemo.app */,
				00A4EE2D22112B13006F1562 /* HCNetDebugDemoTests.xctest */,
				00A4EE3822112B13006F1562 /* HCNetDebugDemoUITests.xctest */,
			);
			name = Products;
			sourceTree = "<group>";
		};
		00A4EE1722112B12006F1562 /* HCNetDebugDemo */ = {
			isa = PBXGroup;
			children = (
				00A4EE1822112B12006F1562 /* AppDelegate.h */,
				00A4EE1922112B12006F1562 /* AppDelegate.m */,
				00A4EE1B22112B12006F1562 /* ViewController.h */,
				00A4EE1C22112B12006F1562 /* ViewController.m */,
				00A4EE4E22112F0E006F1562 /* Mock */,
				00A4EE4A22112D39006F1562 /* NetDebugModule */,
				00A4EE1E22112B12006F1562 /* Main.storyboard */,
				00A4EE2122112B13006F1562 /* Assets.xcassets */,
				00A4EE2322112B13006F1562 /* LaunchScreen.storyboard */,
				00A4EE2622112B13006F1562 /* Info.plist */,
				00A4EE2722112B13006F1562 /* main.m */,
			);
			path = HCNetDebugDemo;
			sourceTree = "<group>";
		};
		00A4EE3022112B13006F1562 /* HCNetDebugDemoTests */ = {
			isa = PBXGroup;
			children = (
				00A4EE3122112B13006F1562 /* HCNetDebugDemoTests.m */,
				00A4EE3322112B13006F1562 /* Info.plist */,
			);
			path = HCNetDebugDemoTests;
			sourceTree = "<group>";
		};
		00A4EE3B22112B13006F1562 /* HCNetDebugDemoUITests */ = {
			isa = PBXGroup;
			children = (
				00A4EE3C22112B13006F1562 /* HCNetDebugDemoUITests.m */,
				00A4EE3E22112B13006F1562 /* Info.plist */,
			);
			path = HCNetDebugDemoUITests;
			sourceTree = "<group>";
		};
		00A4EE4A22112D39006F1562 /* NetDebugModule */ = {
			isa = PBXGroup;
			children = (
				00A4EE4B22112DDE006F1562 /* HCNetDebugModule.h */,
				00A4EE4C22112DDE006F1562 /* HCNetDebugModule.m */,
			);
			path = NetDebugModule;
			sourceTree = "<group>";
		};
		00A4EE4E22112F0E006F1562 /* Mock */ = {
			isa = PBXGroup;
			children = (
				00B46FD122112FEF00BED2F3 /* View */,
				00B46FD022112FE100BED2F3 /* Model */,
				00B46FCF22112FDC00BED2F3 /* Data */,
				00B46FCE22112FCC00BED2F3 /* ViewController */,
				00B46FCD22112FBE00BED2F3 /* Manager */,
			);
			path = Mock;
			sourceTree = "<group>";
		};
		00B46FCD22112FBE00BED2F3 /* Manager */ = {
			isa = PBXGroup;
			children = (
				00B46FE02211301200BED2F3 /* HCNetMockManager.h */,
				00B46FE12211301200BED2F3 /* HCNetMockManager.m */,
			);
			path = Manager;
			sourceTree = "<group>";
		};
		00B46FCE22112FCC00BED2F3 /* ViewController */ = {
			isa = PBXGroup;
			children = (
				00B46FC922112FA600BED2F3 /* HCNetDebugMockRuleViewController.h */,
				00B46FCA22112FA700BED2F3 /* HCNetDebugMockRuleViewController.m */,
				00B46FC722112FA600BED2F3 /* HCNetDebugMockViewController.h */,
				00B46FC822112FA600BED2F3 /* HCNetDebugMockViewController.m */,
			);
			path = ViewController;
			sourceTree = "<group>";
		};
		00B46FCF22112FDC00BED2F3 /* Data */ = {
			isa = PBXGroup;
			children = (
				00B46FDE2211300B00BED2F3 /* mockList.json */,
				00B46FDF2211300B00BED2F3 /* mockRule.json */,
			);
			path = Data;
			sourceTree = "<group>";
		};
		00B46FD022112FE100BED2F3 /* Model */ = {
			isa = PBXGroup;
			children = (
				00B46FD32211300000BED2F3 /* HCNetMockIntroViewModel.h */,
				00B46FD82211300000BED2F3 /* HCNetMockIntroViewModel.m */,
				00B46FD42211300000BED2F3 /* HCNetMockRuleInfoModel.h */,
				00B46FD62211300000BED2F3 /* HCNetMockRuleInfoModel.m */,
				00B46FD52211300000BED2F3 /* HCNetMockRuleSectionModel.h */,
				00B46FD22211300000BED2F3 /* HCNetMockRuleSectionModel.m */,
				00B46FD72211300000BED2F3 /* HCNetMockRuleItemModel.h */,
				00B46FD92211300000BED2F3 /* HCNetMockRuleItemModel.m */,
			);
			path = Model;
			sourceTree = "<group>";
		};
		00B46FD122112FEF00BED2F3 /* View */ = {
			isa = PBXGroup;
			children = (
				00B46FE32211301800BED2F3 /* HCNetMockintroCell.h */,
				00B46FE42211301800BED2F3 /* HCNetMockintroCell.m */,
			);
			path = View;
			sourceTree = "<group>";
		};
		85941FADA09606D9F7F60B2F /* Pods */ = {
			isa = PBXGroup;
			children = (
				D933C7489CF6F1940262604A /* Pods-HCNetDebugDemo.debug.xcconfig */,
				85D79EC641CF1CAB380DF392 /* Pods-HCNetDebugDemo.release.xcconfig */,
				CC7789DC926B3DFA97E7137C /* Pods-HCNetDebugDemoTests.debug.xcconfig */,
				BE408C90B5461679A34AD5BC /* Pods-HCNetDebugDemoTests.release.xcconfig */,
				ABBF546C1D3589F7CD4BFE17 /* Pods-HCNetDebugDemoUITests.debug.xcconfig */,
				4D586E9B40F5EAF1371F3905 /* Pods-HCNetDebugDemoUITests.release.xcconfig */,
			);
			name = Pods;
			sourceTree = "<group>";
		};
		E4E01D270521DFAF2DE4F307 /* Frameworks */ = {
			isa = PBXGroup;
			children = (
				90638957F8E82AB7142EB04C /* libPods-HCNetDebugDemo.a */,
				6EDB0B4461A89F2697210827 /* libPods-HCNetDebugDemoTests.a */,
				4295DBA56CB50519BFEF73E4 /* libPods-HCNetDebugDemoUITests.a */,
			);
			name = Frameworks;
			sourceTree = "<group>";
		};
/* End PBXGroup section */

/* Begin PBXNativeTarget section */
		00A4EE1422112B12006F1562 /* HCNetDebugDemo */ = {
			isa = PBXNativeTarget;
			buildConfigurationList = 00A4EE4122112B13006F1562 /* Build configuration list for PBXNativeTarget "HCNetDebugDemo" */;
			buildPhases = (
				F5CB9A63CF3EF3C271AE0BB4 /* [CP] Check Pods Manifest.lock */,
				00A4EE1122112B12006F1562 /* Sources */,
				00A4EE1222112B12006F1562 /* Frameworks */,
				00A4EE1322112B12006F1562 /* Resources */,
			);
			buildRules = (
			);
			dependencies = (
			);
			name = HCNetDebugDemo;
			productName = HCNetDebugDemo;
			productReference = 00A4EE1522112B12006F1562 /* HCNetDebugDemo.app */;
			productType = "com.apple.product-type.application";
		};
		00A4EE2C22112B13006F1562 /* HCNetDebugDemoTests */ = {
			isa = PBXNativeTarget;
			buildConfigurationList = 00A4EE4422112B13006F1562 /* Build configuration list for PBXNativeTarget "HCNetDebugDemoTests" */;
			buildPhases = (
				78230FCD3B491D119CF92C8A /* [CP] Check Pods Manifest.lock */,
				00A4EE2922112B13006F1562 /* Sources */,
				00A4EE2A22112B13006F1562 /* Frameworks */,
				00A4EE2B22112B13006F1562 /* Resources */,
			);
			buildRules = (
			);
			dependencies = (
				00A4EE2F22112B13006F1562 /* PBXTargetDependency */,
			);
			name = HCNetDebugDemoTests;
			productName = HCNetDebugDemoTests;
			productReference = 00A4EE2D22112B13006F1562 /* HCNetDebugDemoTests.xctest */;
			productType = "com.apple.product-type.bundle.unit-test";
		};
		00A4EE3722112B13006F1562 /* HCNetDebugDemoUITests */ = {
			isa = PBXNativeTarget;
			buildConfigurationList = 00A4EE4722112B13006F1562 /* Build configuration list for PBXNativeTarget "HCNetDebugDemoUITests" */;
			buildPhases = (
				F8D7A959483E5E70977B1B6B /* [CP] Check Pods Manifest.lock */,
				00A4EE3422112B13006F1562 /* Sources */,
				00A4EE3522112B13006F1562 /* Frameworks */,
				00A4EE3622112B13006F1562 /* Resources */,
			);
			buildRules = (
			);
			dependencies = (
				00A4EE3A22112B13006F1562 /* PBXTargetDependency */,
			);
			name = HCNetDebugDemoUITests;
			productName = HCNetDebugDemoUITests;
			productReference = 00A4EE3822112B13006F1562 /* HCNetDebugDemoUITests.xctest */;
			productType = "com.apple.product-type.bundle.ui-testing";
		};
/* End PBXNativeTarget section */

/* Begin PBXProject section */
		00A4EE0D22112B12006F1562 /* Project object */ = {
			isa = PBXProject;
			attributes = {
				LastUpgradeCheck = 1010;
				ORGANIZATIONNAME = "黄鸿昌";
				TargetAttributes = {
					00A4EE1422112B12006F1562 = {
						CreatedOnToolsVersion = 10.1;
					};
					00A4EE2C22112B13006F1562 = {
						CreatedOnToolsVersion = 10.1;
						TestTargetID = 00A4EE1422112B12006F1562;
					};
					00A4EE3722112B13006F1562 = {
						CreatedOnToolsVersion = 10.1;
						TestTargetID = 00A4EE1422112B12006F1562;
					};
				};
			};
			buildConfigurationList = 00A4EE1022112B12006F1562 /* Build configuration list for PBXProject "HCNetDebugDemo" */;
			compatibilityVersion = "Xcode 9.3";
			developmentRegion = en;
			hasScannedForEncodings = 0;
			knownRegions = (
				en,
				Base,
			);
			mainGroup = 00A4EE0C22112B12006F1562;
			productRefGroup = 00A4EE1622112B12006F1562 /* Products */;
			projectDirPath = "";
			projectRoot = "";
			targets = (
				00A4EE1422112B12006F1562 /* HCNetDebugDemo */,
				00A4EE2C22112B13006F1562 /* HCNetDebugDemoTests */,
				00A4EE3722112B13006F1562 /* HCNetDebugDemoUITests */,
			);
		};
/* End PBXProject section */

/* Begin PBXResourcesBuildPhase section */
		00A4EE1322112B12006F1562 /* Resources */ = {
			isa = PBXResourcesBuildPhase;
			buildActionMask = 2147483647;
			files = (
				00A4EE2522112B13006F1562 /* LaunchScreen.storyboard in Resources */,
				00A4EE2222112B13006F1562 /* Assets.xcassets in Resources */,
				00A4EE2022112B12006F1562 /* Main.storyboard in Resources */,
				00B46FE62211303600BED2F3 /* mockList.json in Resources */,
				00B46FE72211303600BED2F3 /* mockRule.json in Resources */,
			);
			runOnlyForDeploymentPostprocessing = 0;
		};
		00A4EE2B22112B13006F1562 /* Resources */ = {
			isa = PBXResourcesBuildPhase;
			buildActionMask = 2147483647;
			files = (
			);
			runOnlyForDeploymentPostprocessing = 0;
		};
		00A4EE3622112B13006F1562 /* Resources */ = {
			isa = PBXResourcesBuildPhase;
			buildActionMask = 2147483647;
			files = (
			);
			runOnlyForDeploymentPostprocessing = 0;
		};
/* End PBXResourcesBuildPhase section */

/* Begin PBXShellScriptBuildPhase section */
		78230FCD3B491D119CF92C8A /* [CP] Check Pods Manifest.lock */ = {
			isa = PBXShellScriptBuildPhase;
			buildActionMask = 2147483647;
			files = (
			);
			inputFileListPaths = (
			);
			inputPaths = (
				"${PODS_PODFILE_DIR_PATH}/Podfile.lock",
				"${PODS_ROOT}/Manifest.lock",
			);
			name = "[CP] Check Pods Manifest.lock";
			outputFileListPaths = (
			);
			outputPaths = (
				"$(DERIVED_FILE_DIR)/Pods-HCNetDebugDemoTests-checkManifestLockResult.txt",
			);
			runOnlyForDeploymentPostprocessing = 0;
			shellPath = /bin/sh;
			shellScript = "diff \"${PODS_PODFILE_DIR_PATH}/Podfile.lock\" \"${PODS_ROOT}/Manifest.lock\" > /dev/null\nif [ $? != 0 ] ; then\n    # print error to STDERR\n    echo \"error: The sandbox is not in sync with the Podfile.lock. Run 'pod install' or update your CocoaPods installation.\" >&2\n    exit 1\nfi\n# This output is used by Xcode 'outputs' to avoid re-running this script phase.\necho \"SUCCESS\" > \"${SCRIPT_OUTPUT_FILE_0}\"\n";
			showEnvVarsInLog = 0;
		};
		F5CB9A63CF3EF3C271AE0BB4 /* [CP] Check Pods Manifest.lock */ = {
			isa = PBXShellScriptBuildPhase;
			buildActionMask = 2147483647;
			files = (
			);
			inputFileListPaths = (
			);
			inputPaths = (
				"${PODS_PODFILE_DIR_PATH}/Podfile.lock",
				"${PODS_ROOT}/Manifest.lock",
			);
			name = "[CP] Check Pods Manifest.lock";
			outputFileListPaths = (
			);
			outputPaths = (
				"$(DERIVED_FILE_DIR)/Pods-HCNetDebugDemo-checkManifestLockResult.txt",
			);
			runOnlyForDeploymentPostprocessing = 0;
			shellPath = /bin/sh;
			shellScript = "diff \"${PODS_PODFILE_DIR_PATH}/Podfile.lock\" \"${PODS_ROOT}/Manifest.lock\" > /dev/null\nif [ $? != 0 ] ; then\n    # print error to STDERR\n    echo \"error: The sandbox is not in sync with the Podfile.lock. Run 'pod install' or update your CocoaPods installation.\" >&2\n    exit 1\nfi\n# This output is used by Xcode 'outputs' to avoid re-running this script phase.\necho \"SUCCESS\" > \"${SCRIPT_OUTPUT_FILE_0}\"\n";
			showEnvVarsInLog = 0;
		};
		F8D7A959483E5E70977B1B6B /* [CP] Check Pods Manifest.lock */ = {
			isa = PBXShellScriptBuildPhase;
			buildActionMask = 2147483647;
			files = (
			);
			inputFileListPaths = (
			);
			inputPaths = (
				"${PODS_PODFILE_DIR_PATH}/Podfile.lock",
				"${PODS_ROOT}/Manifest.lock",
			);
			name = "[CP] Check Pods Manifest.lock";
			outputFileListPaths = (
			);
			outputPaths = (
				"$(DERIVED_FILE_DIR)/Pods-HCNetDebugDemoUITests-checkManifestLockResult.txt",
			);
			runOnlyForDeploymentPostprocessing = 0;
			shellPath = /bin/sh;
			shellScript = "diff \"${PODS_PODFILE_DIR_PATH}/Podfile.lock\" \"${PODS_ROOT}/Manifest.lock\" > /dev/null\nif [ $? != 0 ] ; then\n    # print error to STDERR\n    echo \"error: The sandbox is not in sync with the Podfile.lock. Run 'pod install' or update your CocoaPods installation.\" >&2\n    exit 1\nfi\n# This output is used by Xcode 'outputs' to avoid re-running this script phase.\necho \"SUCCESS\" > \"${SCRIPT_OUTPUT_FILE_0}\"\n";
			showEnvVarsInLog = 0;
		};
/* End PBXShellScriptBuildPhase section */

/* Begin PBXSourcesBuildPhase section */
		00A4EE1122112B12006F1562 /* Sources */ = {
			isa = PBXSourcesBuildPhase;
			buildActionMask = 2147483647;
			files = (
				00A4EE4D22112DDE006F1562 /* HCNetDebugModule.m in Sources */,
				00A4EE1D22112B12006F1562 /* ViewController.m in Sources */,
				00B46FCB22112FB200BED2F3 /* HCNetDebugMockViewController.m in Sources */,
				00B46FDA2211300000BED2F3 /* HCNetMockRuleSectionModel.m in Sources */,
				00B46FDB2211300000BED2F3 /* HCNetMockRuleInfoModel.m in Sources */,
				00B46FDC2211300000BED2F3 /* HCNetMockIntroViewModel.m in Sources */,
				00B46FE22211301200BED2F3 /* HCNetMockManager.m in Sources */,
				00B46FE52211302400BED2F3 /* HCNetMockintroCell.m in Sources */,
				00A4EE2822112B13006F1562 /* main.m in Sources */,
				00B46FDD2211300000BED2F3 /* HCNetMockRuleItemModel.m in Sources */,
				00A4EE1A22112B12006F1562 /* AppDelegate.m in Sources */,
				00B46FCC22112FB500BED2F3 /* HCNetDebugMockRuleViewController.m in Sources */,
			);
			runOnlyForDeploymentPostprocessing = 0;
		};
		00A4EE2922112B13006F1562 /* Sources */ = {
			isa = PBXSourcesBuildPhase;
			buildActionMask = 2147483647;
			files = (
				00A4EE3222112B13006F1562 /* HCNetDebugDemoTests.m in Sources */,
			);
			runOnlyForDeploymentPostprocessing = 0;
		};
		00A4EE3422112B13006F1562 /* Sources */ = {
			isa = PBXSourcesBuildPhase;
			buildActionMask = 2147483647;
			files = (
				00A4EE3D22112B13006F1562 /* HCNetDebugDemoUITests.m in Sources */,
			);
			runOnlyForDeploymentPostprocessing = 0;
		};
/* End PBXSourcesBuildPhase section */

/* Begin PBXTargetDependency section */
		00A4EE2F22112B13006F1562 /* PBXTargetDependency */ = {
			isa = PBXTargetDependency;
			target = 00A4EE1422112B12006F1562 /* HCNetDebugDemo */;
			targetProxy = 00A4EE2E22112B13006F1562 /* PBXContainerItemProxy */;
		};
		00A4EE3A22112B13006F1562 /* PBXTargetDependency */ = {
			isa = PBXTargetDependency;
			target = 00A4EE1422112B12006F1562 /* HCNetDebugDemo */;
			targetProxy = 00A4EE3922112B13006F1562 /* PBXContainerItemProxy */;
		};
/* End PBXTargetDependency section */

/* Begin PBXVariantGroup section */
		00A4EE1E22112B12006F1562 /* Main.storyboard */ = {
			isa = PBXVariantGroup;
			children = (
				00A4EE1F22112B12006F1562 /* Base */,
			);
			name = Main.storyboard;
			sourceTree = "<group>";
		};
		00A4EE2322112B13006F1562 /* LaunchScreen.storyboard */ = {
			isa = PBXVariantGroup;
			children = (
				00A4EE2422112B13006F1562 /* Base */,
			);
			name = LaunchScreen.storyboard;
			sourceTree = "<group>";
		};
/* End PBXVariantGroup section */

/* Begin XCBuildConfiguration section */
		00A4EE3F22112B13006F1562 /* Debug */ = {
			isa = XCBuildConfiguration;
			buildSettings = {
				ALWAYS_SEARCH_USER_PATHS = NO;
				CLANG_ANALYZER_NONNULL = YES;
				CLANG_ANALYZER_NUMBER_OBJECT_CONVERSION = YES_AGGRESSIVE;
				CLANG_CXX_LANGUAGE_STANDARD = "gnu++14";
				CLANG_CXX_LIBRARY = "libc++";
				CLANG_ENABLE_MODULES = YES;
				CLANG_ENABLE_OBJC_ARC = YES;
				CLANG_ENABLE_OBJC_WEAK = YES;
				CLANG_WARN_BLOCK_CAPTURE_AUTORELEASING = YES;
				CLANG_WARN_BOOL_CONVERSION = YES;
				CLANG_WARN_COMMA = YES;
				CLANG_WARN_CONSTANT_CONVERSION = YES;
				CLANG_WARN_DEPRECATED_OBJC_IMPLEMENTATIONS = YES;
				CLANG_WARN_DIRECT_OBJC_ISA_USAGE = YES_ERROR;
				CLANG_WARN_DOCUMENTATION_COMMENTS = YES;
				CLANG_WARN_EMPTY_BODY = YES;
				CLANG_WARN_ENUM_CONVERSION = YES;
				CLANG_WARN_INFINITE_RECURSION = YES;
				CLANG_WARN_INT_CONVERSION = YES;
				CLANG_WARN_NON_LITERAL_NULL_CONVERSION = YES;
				CLANG_WARN_OBJC_IMPLICIT_RETAIN_SELF = YES;
				CLANG_WARN_OBJC_LITERAL_CONVERSION = YES;
				CLANG_WARN_OBJC_ROOT_CLASS = YES_ERROR;
				CLANG_WARN_RANGE_LOOP_ANALYSIS = YES;
				CLANG_WARN_STRICT_PROTOTYPES = YES;
				CLANG_WARN_SUSPICIOUS_MOVE = YES;
				CLANG_WARN_UNGUARDED_AVAILABILITY = YES_AGGRESSIVE;
				CLANG_WARN_UNREACHABLE_CODE = YES;
				CLANG_WARN__DUPLICATE_METHOD_MATCH = YES;
				CODE_SIGN_IDENTITY = "iPhone Developer";
				COPY_PHASE_STRIP = NO;
				DEBUG_INFORMATION_FORMAT = dwarf;
				ENABLE_STRICT_OBJC_MSGSEND = YES;
				ENABLE_TESTABILITY = YES;
				GCC_C_LANGUAGE_STANDARD = gnu11;
				GCC_DYNAMIC_NO_PIC = NO;
				GCC_NO_COMMON_BLOCKS = YES;
				GCC_OPTIMIZATION_LEVEL = 0;
				GCC_PREPROCESSOR_DEFINITIONS = (
					"DEBUG=1",
					"$(inherited)",
				);
				GCC_WARN_64_TO_32_BIT_CONVERSION = YES;
				GCC_WARN_ABOUT_RETURN_TYPE = YES_ERROR;
				GCC_WARN_UNDECLARED_SELECTOR = YES;
				GCC_WARN_UNINITIALIZED_AUTOS = YES_AGGRESSIVE;
				GCC_WARN_UNUSED_FUNCTION = YES;
				GCC_WARN_UNUSED_VARIABLE = YES;
				IPHONEOS_DEPLOYMENT_TARGET = 12.1;
				MTL_ENABLE_DEBUG_INFO = INCLUDE_SOURCE;
				MTL_FAST_MATH = YES;
				ONLY_ACTIVE_ARCH = YES;
				SDKROOT = iphoneos;
			};
			name = Debug;
		};
		00A4EE4022112B13006F1562 /* Release */ = {
			isa = XCBuildConfiguration;
			buildSettings = {
				ALWAYS_SEARCH_USER_PATHS = NO;
				CLANG_ANALYZER_NONNULL = YES;
				CLANG_ANALYZER_NUMBER_OBJECT_CONVERSION = YES_AGGRESSIVE;
				CLANG_CXX_LANGUAGE_STANDARD = "gnu++14";
				CLANG_CXX_LIBRARY = "libc++";
				CLANG_ENABLE_MODULES = YES;
				CLANG_ENABLE_OBJC_ARC = YES;
				CLANG_ENABLE_OBJC_WEAK = YES;
				CLANG_WARN_BLOCK_CAPTURE_AUTORELEASING = YES;
				CLANG_WARN_BOOL_CONVERSION = YES;
				CLANG_WARN_COMMA = YES;
				CLANG_WARN_CONSTANT_CONVERSION = YES;
				CLANG_WARN_DEPRECATED_OBJC_IMPLEMENTATIONS = YES;
				CLANG_WARN_DIRECT_OBJC_ISA_USAGE = YES_ERROR;
				CLANG_WARN_DOCUMENTATION_COMMENTS = YES;
				CLANG_WARN_EMPTY_BODY = YES;
				CLANG_WARN_ENUM_CONVERSION = YES;
				CLANG_WARN_INFINITE_RECURSION = YES;
				CLANG_WARN_INT_CONVERSION = YES;
				CLANG_WARN_NON_LITERAL_NULL_CONVERSION = YES;
				CLANG_WARN_OBJC_IMPLICIT_RETAIN_SELF = YES;
				CLANG_WARN_OBJC_LITERAL_CONVERSION = YES;
				CLANG_WARN_OBJC_ROOT_CLASS = YES_ERROR;
				CLANG_WARN_RANGE_LOOP_ANALYSIS = YES;
				CLANG_WARN_STRICT_PROTOTYPES = YES;
				CLANG_WARN_SUSPICIOUS_MOVE = YES;
				CLANG_WARN_UNGUARDED_AVAILABILITY = YES_AGGRESSIVE;
				CLANG_WARN_UNREACHABLE_CODE = YES;
				CLANG_WARN__DUPLICATE_METHOD_MATCH = YES;
				CODE_SIGN_IDENTITY = "iPhone Developer";
				COPY_PHASE_STRIP = NO;
				DEBUG_INFORMATION_FORMAT = "dwarf-with-dsym";
				ENABLE_NS_ASSERTIONS = NO;
				ENABLE_STRICT_OBJC_MSGSEND = YES;
				GCC_C_LANGUAGE_STANDARD = gnu11;
				GCC_NO_COMMON_BLOCKS = YES;
				GCC_WARN_64_TO_32_BIT_CONVERSION = YES;
				GCC_WARN_ABOUT_RETURN_TYPE = YES_ERROR;
				GCC_WARN_UNDECLARED_SELECTOR = YES;
				GCC_WARN_UNINITIALIZED_AUTOS = YES_AGGRESSIVE;
				GCC_WARN_UNUSED_FUNCTION = YES;
				GCC_WARN_UNUSED_VARIABLE = YES;
				IPHONEOS_DEPLOYMENT_TARGET = 12.1;
				MTL_ENABLE_DEBUG_INFO = NO;
				MTL_FAST_MATH = YES;
				SDKROOT = iphoneos;
				VALIDATE_PRODUCT = YES;
			};
			name = Release;
		};
		00A4EE4222112B13006F1562 /* Debug */ = {
			isa = XCBuildConfiguration;
			baseConfigurationReference = D933C7489CF6F1940262604A /* Pods-HCNetDebugDemo.debug.xcconfig */;
			buildSettings = {
				ASSETCATALOG_COMPILER_APPICON_NAME = AppIcon;
				CODE_SIGN_STYLE = Automatic;
				DEVELOPMENT_TEAM = 4LBB7E8KZP;
				INFOPLIST_FILE = HCNetDebugDemo/Info.plist;
				LD_RUNPATH_SEARCH_PATHS = (
					"$(inherited)",
					"@executable_path/Frameworks",
				);
				PRODUCT_BUNDLE_IDENTIFIER = honchwon.com.HCNetDebugDemo;
				PRODUCT_NAME = "$(TARGET_NAME)";
				TARGETED_DEVICE_FAMILY = "1,2";
			};
			name = Debug;
		};
		00A4EE4322112B13006F1562 /* Release */ = {
			isa = XCBuildConfiguration;
			baseConfigurationReference = 85D79EC641CF1CAB380DF392 /* Pods-HCNetDebugDemo.release.xcconfig */;
			buildSettings = {
				ASSETCATALOG_COMPILER_APPICON_NAME = AppIcon;
				CODE_SIGN_STYLE = Automatic;
				DEVELOPMENT_TEAM = 4LBB7E8KZP;
				INFOPLIST_FILE = HCNetDebugDemo/Info.plist;
				LD_RUNPATH_SEARCH_PATHS = (
					"$(inherited)",
					"@executable_path/Frameworks",
				);
				PRODUCT_BUNDLE_IDENTIFIER = honchwon.com.HCNetDebugDemo;
				PRODUCT_NAME = "$(TARGET_NAME)";
				TARGETED_DEVICE_FAMILY = "1,2";
			};
			name = Release;
		};
		00A4EE4522112B13006F1562 /* Debug */ = {
			isa = XCBuildConfiguration;
			baseConfigurationReference = CC7789DC926B3DFA97E7137C /* Pods-HCNetDebugDemoTests.debug.xcconfig */;
			buildSettings = {
				BUNDLE_LOADER = "$(TEST_HOST)";
				CODE_SIGN_STYLE = Automatic;
				DEVELOPMENT_TEAM = 4LBB7E8KZP;
				INFOPLIST_FILE = HCNetDebugDemoTests/Info.plist;
				LD_RUNPATH_SEARCH_PATHS = (
					"$(inherited)",
					"@executable_path/Frameworks",
					"@loader_path/Frameworks",
				);
				PRODUCT_BUNDLE_IDENTIFIER = honchwon.com.HCNetDebugDemoTests;
				PRODUCT_NAME = "$(TARGET_NAME)";
				TARGETED_DEVICE_FAMILY = "1,2";
				TEST_HOST = "$(BUILT_PRODUCTS_DIR)/HCNetDebugDemo.app/HCNetDebugDemo";
			};
			name = Debug;
		};
		00A4EE4622112B13006F1562 /* Release */ = {
			isa = XCBuildConfiguration;
			baseConfigurationReference = BE408C90B5461679A34AD5BC /* Pods-HCNetDebugDemoTests.release.xcconfig */;
			buildSettings = {
				BUNDLE_LOADER = "$(TEST_HOST)";
				CODE_SIGN_STYLE = Automatic;
				DEVELOPMENT_TEAM = 4LBB7E8KZP;
				INFOPLIST_FILE = HCNetDebugDemoTests/Info.plist;
				LD_RUNPATH_SEARCH_PATHS = (
					"$(inherited)",
					"@executable_path/Frameworks",
					"@loader_path/Frameworks",
				);
				PRODUCT_BUNDLE_IDENTIFIER = honchwon.com.HCNetDebugDemoTests;
				PRODUCT_NAME = "$(TARGET_NAME)";
				TARGETED_DEVICE_FAMILY = "1,2";
				TEST_HOST = "$(BUILT_PRODUCTS_DIR)/HCNetDebugDemo.app/HCNetDebugDemo";
			};
			name = Release;
		};
		00A4EE4822112B13006F1562 /* Debug */ = {
			isa = XCBuildConfiguration;
			baseConfigurationReference = ABBF546C1D3589F7CD4BFE17 /* Pods-HCNetDebugDemoUITests.debug.xcconfig */;
			buildSettings = {
				CODE_SIGN_STYLE = Automatic;
				DEVELOPMENT_TEAM = 4LBB7E8KZP;
				INFOPLIST_FILE = HCNetDebugDemoUITests/Info.plist;
				LD_RUNPATH_SEARCH_PATHS = (
					"$(inherited)",
					"@executable_path/Frameworks",
					"@loader_path/Frameworks",
				);
				PRODUCT_BUNDLE_IDENTIFIER = honchwon.com.HCNetDebugDemoUITests;
				PRODUCT_NAME = "$(TARGET_NAME)";
				TARGETED_DEVICE_FAMILY = "1,2";
				TEST_TARGET_NAME = HCNetDebugDemo;
			};
			name = Debug;
		};
		00A4EE4922112B13006F1562 /* Release */ = {
			isa = XCBuildConfiguration;
			baseConfigurationReference = 4D586E9B40F5EAF1371F3905 /* Pods-HCNetDebugDemoUITests.release.xcconfig */;
			buildSettings = {
				CODE_SIGN_STYLE = Automatic;
				DEVELOPMENT_TEAM = 4LBB7E8KZP;
				INFOPLIST_FILE = HCNetDebugDemoUITests/Info.plist;
				LD_RUNPATH_SEARCH_PATHS = (
					"$(inherited)",
					"@executable_path/Frameworks",
					"@loader_path/Frameworks",
				);
				PRODUCT_BUNDLE_IDENTIFIER = honchwon.com.HCNetDebugDemoUITests;
				PRODUCT_NAME = "$(TARGET_NAME)";
				TARGETED_DEVICE_FAMILY = "1,2";
				TEST_TARGET_NAME = HCNetDebugDemo;
			};
			name = Release;
		};
/* End XCBuildConfiguration section */

/* Begin XCConfigurationList section */
		00A4EE1022112B12006F1562 /* Build configuration list for PBXProject "HCNetDebugDemo" */ = {
			isa = XCConfigurationList;
			buildConfigurations = (
				00A4EE3F22112B13006F1562 /* Debug */,
				00A4EE4022112B13006F1562 /* Release */,
			);
			defaultConfigurationIsVisible = 0;
			defaultConfigurationName = Release;
		};
		00A4EE4122112B13006F1562 /* Build configuration list for PBXNativeTarget "HCNetDebugDemo" */ = {
			isa = XCConfigurationList;
			buildConfigurations = (
				00A4EE4222112B13006F1562 /* Debug */,
				00A4EE4322112B13006F1562 /* Release */,
			);
			defaultConfigurationIsVisible = 0;
			defaultConfigurationName = Release;
		};
		00A4EE4422112B13006F1562 /* Build configuration list for PBXNativeTarget "HCNetDebugDemoTests" */ = {
			isa = XCConfigurationList;
			buildConfigurations = (
				00A4EE4522112B13006F1562 /* Debug */,
				00A4EE4622112B13006F1562 /* Release */,
			);
			defaultConfigurationIsVisible = 0;
			defaultConfigurationName = Release;
		};
		00A4EE4722112B13006F1562 /* Build configuration list for PBXNativeTarget "HCNetDebugDemoUITests" */ = {
			isa = XCConfigurationList;
			buildConfigurations = (
				00A4EE4822112B13006F1562 /* Debug */,
				00A4EE4922112B13006F1562 /* Release */,
			);
			defaultConfigurationIsVisible = 0;
			defaultConfigurationName = Release;
		};
/* End XCConfigurationList section */
	};
	rootObject = 00A4EE0D22112B12006F1562 /* Project object */;
}
